Microsoft Visual Studio Solution File, Format Version 12.00
# Visual Studio Version 17
VisualStudioVersion = 17.5.2.0
MinimumVisualStudioVersion = 10.0.40219.1
Project("{FAE04EC0-301F-11D3-BF4B-00C04F79EFBC}") = "CosmoImage", "CosmoImage.csproj", "{3BD26FEC-FA43-32EF-6C45-914B133F9E09}"
EndProject
Project("{2150E333-8FDC-42A3-9474-1A3956D46DE8}") = "Tests", "Tests", "{0AB3BF05-4346-4AA6-1389-037BE0695223}"
EndProject
Project("{FAE04EC0-301F-11D3-BF4B-00C04F79EFBC}") = "CosmoImage.Tests", "Tests\CosmoImage.Tests.csproj", "{43A4BC2F-5EC3-8E3C-81A4-294B319FAF75}"
EndProject
Global
	GlobalSection(SolutionConfigurationPlatforms) = preSolution
		Debug|Any CPU = Debug|Any CPU
		Release|Any CPU = Release|Any CPU
	EndGlobalSection
	GlobalSection(ProjectConfigurationPlatforms) = postSolution
		{3BD26FEC-FA43-32EF-6C45-914B133F9E09}.Debug|Any CPU.ActiveCfg = Debug|Any CPU
		{3BD26FEC-FA43-32EF-6C45-914B133F9E09}.Debug|Any CPU.Build.0 = Debug|Any CPU
		{3BD26FEC-FA43-32EF-6C45-914B133F9E09}.Release|Any CPU.ActiveCfg = Release|Any CPU
		{3BD26FEC-FA43-32EF-6C45-914B133F9E09}.Release|Any CPU.Build.0 = Release|Any CPU
		{43A4BC2F-5EC3-8E3C-81A4-294B319FAF75}.Debug|Any CPU.ActiveCfg = Debug|Any CPU
		{43A4BC2F-5EC3-8E3C-81A4-294B319FAF75}.Debug|Any CPU.Build.0 = Debug|Any CPU
		{43A4BC2F-5EC3-8E3C-81A4-294B319FAF75}.Release|Any CPU.ActiveCfg = Release|Any CPU
		{43A4BC2F-5EC3-8E3C-81A4-294B319FAF75}.Release|Any CPU.Build.0 = Release|Any CPU
	EndGlobalSection
	GlobalSection(SolutionProperties) = preSolution
		HideSolutionNode = FALSE
	EndGlobalSection
	GlobalSection(NestedProjects) = preSolution
		{43A4BC2F-5EC3-8E3C-81A4-294B319FAF75} = {0AB3BF05-4346-4AA6-1389-037BE0695223}
	EndGlobalSection
	GlobalSection(ExtensibilityGlobals) = postSolution
		SolutionGuid = {092D8EB4-E2E5-4812-9E2F-96BE6797CA1E}
	EndGlobalSection
EndGlobal
